
Microsoft Visual Studio Solution File, Format Version 12.00
# Visual Studio for Mac
Project("{FAE04EC0-301F-11D3-BF4B-00C04F79EFBC}") = "com.unity.postprocessing.Runtime", "com.unity.postprocessing.Runtime.csproj", "{43CE4B77-0ED1-06DF-D6D8-916516C0693A}"
EndProject
Project("{FAE04EC0-301F-11D3-BF4B-00C04F79EFBC}") = "Runatics_v0.1", "Runatics_v0.1.csproj", "{ED81C636-4038-7149-8259-EC48FE65E156}"
EndProject
Project("{FAE04EC0-301F-11D3-BF4B-00C04F79EFBC}") = "Runatics_v0.1.Editor", "Runatics_v0.1.Editor.csproj", "{503CF131-8334-0CA5-1250-ADEF0112683A}"
EndProject
Project("{FAE04EC0-301F-11D3-BF4B-00C04F79EFBC}") = "com.unity.postprocessing.Editor", "com.unity.postprocessing.Editor.csproj", "{8C3967EF-EA5C-CD2A-F191-ADB2A5FEC7D2}"
EndProject
Global
	GlobalSection(SolutionConfigurationPlatforms) = preSolution
		Debug|Any CPU = Debug|Any CPU
		Release|Any CPU = Release|Any CPU
	EndGlobalSection
	GlobalSection(ProjectConfigurationPlatforms) = postSolution
		{43CE4B77-0ED1-06DF-D6D8-916516C0693A}.Debug|Any CPU.ActiveCfg = Debug|Any CPU
		{43CE4B77-0ED1-06DF-D6D8-916516C0693A}.Debug|Any CPU.Build.0 = Debug|Any CPU
		{43CE4B77-0ED1-06DF-D6D8-916516C0693A}.Release|Any CPU.ActiveCfg = Release|Any CPU
		{43CE4B77-0ED1-06DF-D6D8-916516C0693A}.Release|Any CPU.Build.0 = Release|Any CPU
		{ED81C636-4038-7149-8259-EC48FE65E156}.Debug|Any CPU.ActiveCfg = Debug|Any CPU
		{ED81C636-4038-7149-8259-EC48FE65E156}.Debug|Any CPU.Build.0 = Debug|Any CPU
		{ED81C636-4038-7149-8259-EC48FE65E156}.Release|Any CPU.ActiveCfg = Release|Any CPU
		{ED81C636-4038-7149-8259-EC48FE65E156}.Release|Any CPU.Build.0 = Release|Any CPU
		{503CF131-8334-0CA5-1250-ADEF0112683A}.Debug|Any CPU.ActiveCfg = Debug|Any CPU
		{503CF131-8334-0CA5-1250-ADEF0112683A}.Debug|Any CPU.Build.0 = Debug|Any CPU
		{503CF131-8334-0CA5-1250-ADEF0112683A}.Release|Any CPU.ActiveCfg = Release|Any CPU
		{503CF131-8334-0CA5-1250-ADEF0112683A}.Release|Any CPU.Build.0 = Release|Any CPU
		{8C3967EF-EA5C-CD2A-F191-ADB2A5FEC7D2}.Debug|Any CPU.ActiveCfg = Debug|Any CPU
		{8C3967EF-EA5C-CD2A-F191-ADB2A5FEC7D2}.Debug|Any CPU.Build.0 = Debug|Any CPU
		{8C3967EF-EA5C-CD2A-F191-ADB2A5FEC7D2}.Release|Any CPU.ActiveCfg = Release|Any CPU
		{8C3967EF-EA5C-CD2A-F191-ADB2A5FEC7D2}.Release|Any CPU.Build.0 = Release|Any CPU
	EndGlobalSection
	GlobalSection(SolutionProperties) = preSolution
		HideSolutionNode = FALSE
	EndGlobalSection
EndGlobal
